
Microsoft Visual Studio Solution File, Format Version 12.00
# Visual Studio Version 16
VisualStudioVersion = 16.0.30621.155
MinimumVisualStudioVersion = 10.0.40219.1
Project("{FAE04EC0-301F-11D3-BF4B-00C04F79EFBC}") = "Angular", "Angular\Angular.csproj", "{5A668C4B-B9CB-4A4B-9445-BF9ACF32F612}"
EndProject
Global
	GlobalSection(SolutionConfigurationPlatforms) = preSolution
		Debug|Any CPU = Debug|Any CPU
		Release|Any CPU = Release|Any CPU
	EndGlobalSection
	GlobalSection(ProjectConfigurationPlatforms) = postSolution
		{5A668C4B-B9CB-4A4B-9445-BF9ACF32F612}.Debug|Any CPU.ActiveCfg = Debug|Any CPU
		{5A668C4B-B9CB-4A4B-9445-BF9ACF32F612}.Debug|Any CPU.Build.0 = Debug|Any CPU
		{5A668C4B-B9CB-4A4B-9445-BF9ACF32F612}.Release|Any CPU.ActiveCfg = Release|Any CPU
		{5A668C4B-B9CB-4A4B-9445-BF9ACF32F612}.Release|Any CPU.Build.0 = Release|Any CPU
	EndGlobalSection
	GlobalSection(SolutionProperties) = preSolution
		HideSolutionNode = FALSE
	EndGlobalSection
	GlobalSection(ExtensibilityGlobals) = postSolution
		SolutionGuid = {B1A4D809-A07A-4866-AD60-A802BA56A0D2}
	EndGlobalSection
EndGlobal
